
Microsoft Visual Studio Solution File, Format Version 12.00
# Visual Studio Version 16
VisualStudioVersion = 16.0.31702.278
MinimumVisualStudioVersion = 10.0.40219.1
Project("{FAE04EC0-301F-11D3-BF4B-00C04F79EFBC}") = "Archivos Binarios", "Archivos Binarios\Archivos Binarios.csproj", "{06F67255-157F-4C6A-87F6-31785513C7D2}"
EndProject
Global
	GlobalSection(SolutionConfigurationPlatforms) = preSolution
		Debug|Any CPU = Debug|Any CPU
		Release|Any CPU = Release|Any CPU
	EndGlobalSection
	GlobalSection(ProjectConfigurationPlatforms) = postSolution
		{06F67255-157F-4C6A-87F6-31785513C7D2}.Debug|Any CPU.ActiveCfg = Debug|Any CPU
		{06F67255-157F-4C6A-87F6-31785513C7D2}.Debug|Any CPU.Build.0 = Debug|Any CPU
		{06F67255-157F-4C6A-87F6-31785513C7D2}.Release|Any CPU.ActiveCfg = Release|Any CPU
		{06F67255-157F-4C6A-87F6-31785513C7D2}.Release|Any CPU.Build.0 = Release|Any CPU
	EndGlobalSection
	GlobalSection(SolutionProperties) = preSolution
		HideSolutionNode = FALSE
	EndGlobalSection
	GlobalSection(ExtensibilityGlobals) = postSolution
		SolutionGuid = {7BF0C36D-59E5-4F87-B9DB-9522E1B3E400}
	EndGlobalSection
EndGlobal
